
Microsoft Visual Studio Solution File, Format Version 12.00
# Visual Studio 2013
VisualStudioVersion = 12.0.31101.0
MinimumVisualStudioVersion = 10.0.40219.1
Project("{2150E333-8FDC-42A3-9474-1A3956D46DE8}") = "Apps", "Apps", "{D5019626-E9D2-442D-8715-1C27DFE092CC}"
EndProject
Project("{2150E333-8FDC-42A3-9474-1A3956D46DE8}") = "常用视图", "常用视图", "{9E284152-32FA-4492-902A-058752D0FEC8}"
EndProject
Project("{2150E333-8FDC-42A3-9474-1A3956D46DE8}") = "基础类", "基础类", "{31608185-2721-4F64-805D-3FD2FE89FA84}"
EndProject
Project("{2150E333-8FDC-42A3-9474-1A3956D46DE8}") = "控制", "控制", "{62795A5E-55A9-4271-AD97-6E4D713DD0EC}"
EndProject
Project("{FAE04EC0-301F-11D3-BF4B-00C04F79EFBC}") = "LogInterface", "基础类\LogInterface\LogInterface.csproj", "{F929E2C2-43ED-4D7E-8426-356B0EC3C540}"
EndProject
Project("{FAE04EC0-301F-11D3-BF4B-00C04F79EFBC}") = "LicenceManager", "基础类\LicenceManager\LicenceManager.csproj", "{785AA2AA-CC7E-408B-B61C-2DFB906D1797}"
EndProject
Project("{FAE04EC0-301F-11D3-BF4B-00C04F79EFBC}") = "ModuleCrossPnP", "基础类\ModuleAttachInterface\ModuleCrossPnP.csproj", "{8EBCDA91-8A16-46FA-84BD-784982F9EAC8}"
EndProject
Project("{FAE04EC0-301F-11D3-BF4B-00C04F79EFBC}") = "FlowCtlBaseModel", "基础类\PLProcessModel\FlowCtlBaseModel.csproj", "{178D26DF-C682-42D8-AEAB-C816111B69C6}"
EndProject
Project("{FAE04EC0-301F-11D3-BF4B-00C04F79EFBC}") = "SysCfg", "基础类\SysCfgModel\SysCfg.csproj", "{CA19B9F8-8521-40C8-8918-33B15B2935D2}"
EndProject
Project("{FAE04EC0-301F-11D3-BF4B-00C04F79EFBC}") = "AsrsControl", "控制\AsrsControl\AsrsControl.csproj", "{1178AD55-557B-454B-98C6-60C262434666}"
EndProject
Project("{FAE04EC0-301F-11D3-BF4B-00C04F79EFBC}") = "AsrsInterface", "控制\AsrsInterface\AsrsInterface.csproj", "{3A9AD116-CA47-465E-AB89-3AB3346CB661}"
EndProject
Project("{FAE04EC0-301F-11D3-BF4B-00C04F79EFBC}") = "AsrsModel", "控制\AsrsModel\AsrsModel.csproj", "{5A6FA1E2-2E9B-4FAF-93EC-BC6E1EF370DE}"
EndProject
Project("{FAE04EC0-301F-11D3-BF4B-00C04F79EFBC}") = "CtlDBAccess", "控制\CtlDBAccess\CtlDBAccess.csproj", "{2180A519-31FE-4C19-8D39-A4DFEC26CF9A}"
EndProject
Project("{FAE04EC0-301F-11D3-BF4B-00C04F79EFBC}") = "CtlMonitorInterface", "控制\CtlMonitorInterface\CtlMonitorInterface.csproj", "{4863621A-2226-4318-8B40-CCEB8FEB390C}"
EndProject
Project("{FAE04EC0-301F-11D3-BF4B-00C04F79EFBC}") = "CtlManage", "控制\DevManage\CtlManage.csproj", "{8784B37E-5893-4914-83AB-37BE05054128}"
EndProject
Project("{FAE04EC0-301F-11D3-BF4B-00C04F79EFBC}") = "MesDBAccess", "控制\MesDBAccess\MesDBAccess.csproj", "{6861EE48-2C2C-4034-8930-181EBE48CC7A}"
EndProject
Project("{FAE04EC0-301F-11D3-BF4B-00C04F79EFBC}") = "MonitorViews", "控制\MonitorViews\MonitorViews.csproj", "{6644F06B-8FEB-431B-9020-AC91FD93CCE6}"
EndProject
Project("{FAE04EC0-301F-11D3-BF4B-00C04F79EFBC}") = "LogManage", "常用视图\LogManage\LogManage.csproj", "{F7B5E062-39A2-49A7-9233-21150F3DFB09}"
EndProject
Project("{FAE04EC0-301F-11D3-BF4B-00C04F79EFBC}") = "ProductRecordView", "常用视图\ProductRecordView\ProductRecordView.csproj", "{7324889C-E198-4959-903A-4D183C356CB3}"
EndProject
Project("{FAE04EC0-301F-11D3-BF4B-00C04F79EFBC}") = "CreateKey", "Apps\CreateKey\CreateKey.csproj", "{F87116B4-1B95-408B-8506-709C92F7B650}"
EndProject
Project("{2150E333-8FDC-42A3-9474-1A3956D46DE8}") = "WCSAoyouApp", "WCSAoyouApp", "{430E292F-EF10-4A29-B01E-495AAD2F1E39}"
EndProject
Project("{FAE04EC0-301F-11D3-BF4B-00C04F79EFBC}") = "ConfigManage", "Apps\WCSAoyouApp\ConfigManage\ConfigManage.csproj", "{5AB1D7F4-0D37-4D6D-9939-1D6026CD33FD}"
EndProject
Project("{FAE04EC0-301F-11D3-BF4B-00C04F79EFBC}") = "PrcsCtlModelsAoyou", "Apps\WCSAoyouApp\PrcsCtlModels\PrcsCtlModelsAoyou.csproj", "{362F4D48-1622-4FA6-B26E-5F2B58A9949B}"
EndProject
Project("{FAE04EC0-301F-11D3-BF4B-00C04F79EFBC}") = "WCSAoyou", "Apps\WCSAoyouApp\WCSAoyou\WCSAoyou.csproj", "{39ADE9BB-4A74-4246-B24B-BDAFBD28B92B}"
EndProject
Project("{FAE04EC0-301F-11D3-BF4B-00C04F79EFBC}") = "TransDevModel", "控制\TransDevModel\TransDevModel.csproj", "{8D7A22B7-FB53-4861-B6B9-CC4C7D48CDA7}"
EndProject
Project("{2150E333-8FDC-42A3-9474-1A3956D46DE8}") = "WESAoyouCpApp", "WESAoyouCpApp", "{ADA2CC54-AA08-4382-BAB5-876A1E34B490}"
EndProject
Project("{FAE04EC0-301F-11D3-BF4B-00C04F79EFBC}") = "WESAoyouCp", "Apps\WESAoyouCPApp\WESAoyouCp\WESAoyouCp.csproj", "{DF5AC950-A57F-419E-A709-9A2C5A7C4270}"
EndProject
Project("{FAE04EC0-301F-11D3-BF4B-00C04F79EFBC}") = "PrcsCtlModelsAoyouCp", "Apps\WESAoyouCPApp\PrcsCtlModels\PrcsCtlModelsAoyouCp.csproj", "{83878461-741C-4480-8BA7-C48BDEAE6D24}"
EndProject
Project("{FAE04EC0-301F-11D3-BF4B-00C04F79EFBC}") = "ConfigManage", "Apps\WESAoyouCPApp\ConfigManage\ConfigManage.csproj", "{18FB8CEB-C1C9-4BC2-ADB0-B3A499393DA5}"
EndProject
Project("{2150E333-8FDC-42A3-9474-1A3956D46DE8}") = "立库管理", "立库管理", "{7C9B0105-4499-408C-BF1F-5D6F69C861B8}"
EndProject
Project("{FAE04EC0-301F-11D3-BF4B-00C04F79EFBC}") = "AsrsStorage", "立库管理\AsrsStorage\AsrsStorage.csproj", "{8A7A0760-711D-4778-963A-97A48BA23765}"
EndProject
Project("{FAE04EC0-301F-11D3-BF4B-00C04F79EFBC}") = "AsrsStorDBAcc", "立库管理\AsrsStorDBAcc\AsrsStorDBAcc.csproj", "{A1285A1E-D238-467B-89B2-BCF58BB4D2EE}"
EndProject
Project("{FAE04EC0-301F-11D3-BF4B-00C04F79EFBC}") = "ASRSStorManage", "立库管理\ASRSStorManage\ASRSStorManage.csproj", "{944D95F5-15BD-4C79-8D35-0DE37100AD36}"
EndProject
Global
	GlobalSection(SolutionConfigurationPlatforms) = preSolution
		Debug|Any CPU = Debug|Any CPU
		Debug|Mixed Platforms = Debug|Mixed Platforms
		Debug|x86 = Debug|x86
		Release|Any CPU = Release|Any CPU
		Release|Mixed Platforms = Release|Mixed Platforms
		Release|x86 = Release|x86
	EndGlobalSection
	GlobalSection(ProjectConfigurationPlatforms) = postSolution
		{F929E2C2-43ED-4D7E-8426-356B0EC3C540}.Debug|Any CPU.ActiveCfg = Debug|Any CPU
		{F929E2C2-43ED-4D7E-8426-356B0EC3C540}.Debug|Any CPU.Build.0 = Debug|Any CPU
		{F929E2C2-43ED-4D7E-8426-356B0EC3C540}.Debug|Mixed Platforms.ActiveCfg = Debug|x86
		{F929E2C2-43ED-4D7E-8426-356B0EC3C540}.Debug|Mixed Platforms.Build.0 = Debug|x86
		{F929E2C2-43ED-4D7E-8426-356B0EC3C540}.Debug|x86.ActiveCfg = Debug|x86
		{F929E2C2-43ED-4D7E-8426-356B0EC3C540}.Debug|x86.Build.0 = Debug|x86
		{F929E2C2-43ED-4D7E-8426-356B0EC3C540}.Release|Any CPU.ActiveCfg = Release|Any CPU
		{F929E2C2-43ED-4D7E-8426-356B0EC3C540}.Release|Any CPU.Build.0 = Release|Any CPU
		{F929E2C2-43ED-4D7E-8426-356B0EC3C540}.Release|Mixed Platforms.ActiveCfg = Release|x86
		{F929E2C2-43ED-4D7E-8426-356B0EC3C540}.Release|Mixed Platforms.Build.0 = Release|x86
		{F929E2C2-43ED-4D7E-8426-356B0EC3C540}.Release|x86.ActiveCfg = Release|x86
		{F929E2C2-43ED-4D7E-8426-356B0EC3C540}.Release|x86.Build.0 = Release|x86
		{785AA2AA-CC7E-408B-B61C-2DFB906D1797}.Debug|Any CPU.ActiveCfg = Debug|Any CPU
		{785AA2AA-CC7E-408B-B61C-2DFB906D1797}.Debug|Any CPU.Build.0 = Debug|Any CPU
		{785AA2AA-CC7E-408B-B61C-2DFB906D1797}.Debug|Mixed Platforms.ActiveCfg = Debug|x86
		{785AA2AA-CC7E-408B-B61C-2DFB906D1797}.Debug|Mixed Platforms.Build.0 = Debug|x86
		{785AA2AA-CC7E-408B-B61C-2DFB906D1797}.Debug|x86.ActiveCfg = Debug|x86
		{785AA2AA-CC7E-408B-B61C-2DFB906D1797}.Debug|x86.Build.0 = Debug|x86
		{785AA2AA-CC7E-408B-B61C-2DFB906D1797}.Release|Any CPU.ActiveCfg = Release|Any CPU
		{785AA2AA-CC7E-408B-B61C-2DFB906D1797}.Release|Any CPU.Build.0 = Release|Any CPU
		{785AA2AA-CC7E-408B-B61C-2DFB906D1797}.Release|Mixed Platforms.ActiveCfg = Release|x86
		{785AA2AA-CC7E-408B-B61C-2DFB906D1797}.Release|Mixed Platforms.Build.0 = Release|x86
		{785AA2AA-CC7E-408B-B61C-2DFB906D1797}.Release|x86.ActiveCfg = Release|x86
		{785AA2AA-CC7E-408B-B61C-2DFB906D1797}.Release|x86.Build.0 = Release|x86
		{8EBCDA91-8A16-46FA-84BD-784982F9EAC8}.Debug|Any CPU.ActiveCfg = Debug|Any CPU
		{8EBCDA91-8A16-46FA-84BD-784982F9EAC8}.Debug|Any CPU.Build.0 = Debug|Any CPU
		{8EBCDA91-8A16-46FA-84BD-784982F9EAC8}.Debug|Mixed Platforms.ActiveCfg = Debug|x86
		{8EBCDA91-8A16-46FA-84BD-784982F9EAC8}.Debug|Mixed Platforms.Build.0 = Debug|x86
		{8EBCDA91-8A16-46FA-84BD-784982F9EAC8}.Debug|x86.ActiveCfg = Debug|x86
		{8EBCDA91-8A16-46FA-84BD-784982F9EAC8}.Debug|x86.Build.0 = Debug|x86
		{8EBCDA91-8A16-46FA-84BD-784982F9EAC8}.Release|Any CPU.ActiveCfg = Release|Any CPU
		{8EBCDA91-8A16-46FA-84BD-784982F9EAC8}.Release|Any CPU.Build.0 = Release|Any CPU
		{8EBCDA91-8A16-46FA-84BD-784982F9EAC8}.Release|Mixed Platforms.ActiveCfg = Release|x86
		{8EBCDA91-8A16-46FA-84BD-784982F9EAC8}.Release|Mixed Platforms.Build.0 = Release|x86
		{8EBCDA91-8A16-46FA-84BD-784982F9EAC8}.Release|x86.ActiveCfg = Release|x86
		{8EBCDA91-8A16-46FA-84BD-784982F9EAC8}.Release|x86.Build.0 = Release|x86
		{178D26DF-C682-42D8-AEAB-C816111B69C6}.Debug|Any CPU.ActiveCfg = Debug|Any CPU
		{178D26DF-C682-42D8-AEAB-C816111B69C6}.Debug|Any CPU.Build.0 = Debug|Any CPU
		{178D26DF-C682-42D8-AEAB-C816111B69C6}.Debug|Mixed Platforms.ActiveCfg = Debug|x86
		{178D26DF-C682-42D8-AEAB-C816111B69C6}.Debug|Mixed Platforms.Build.0 = Debug|x86
		{178D26DF-C682-42D8-AEAB-C816111B69C6}.Debug|x86.ActiveCfg = Debug|x86
		{178D26DF-C682-42D8-AEAB-C816111B69C6}.Debug|x86.Build.0 = Debug|x86
		{178D26DF-C682-42D8-AEAB-C816111B69C6}.Release|Any CPU.ActiveCfg = Release|Any CPU
		{178D26DF-C682-42D8-AEAB-C816111B69C6}.Release|Any CPU.Build.0 = Release|Any CPU
		{178D26DF-C682-42D8-AEAB-C816111B69C6}.Release|Mixed Platforms.ActiveCfg = Release|x86
		{178D26DF-C682-42D8-AEAB-C816111B69C6}.Release|Mixed Platforms.Build.0 = Release|x86
		{178D26DF-C682-42D8-AEAB-C816111B69C6}.Release|x86.ActiveCfg = Release|x86
		{178D26DF-C682-42D8-AEAB-C816111B69C6}.Release|x86.Build.0 = Release|x86
		{CA19B9F8-8521-40C8-8918-33B15B2935D2}.Debug|Any CPU.ActiveCfg = Debug|Any CPU
		{CA19B9F8-8521-40C8-8918-33B15B2935D2}.Debug|Any CPU.Build.0 = Debug|Any CPU
		{CA19B9F8-8521-40C8-8918-33B15B2935D2}.Debug|Mixed Platforms.ActiveCfg = Debug|x86
		{CA19B9F8-8521-40C8-8918-33B15B2935D2}.Debug|Mixed Platforms.Build.0 = Debug|x86
		{CA19B9F8-8521-40C8-8918-33B15B2935D2}.Debug|x86.ActiveCfg = Debug|x86
		{CA19B9F8-8521-40C8-8918-33B15B2935D2}.Debug|x86.Build.0 = Debug|x86
		{CA19B9F8-8521-40C8-8918-33B15B2935D2}.Release|Any CPU.ActiveCfg = Release|Any CPU
		{CA19B9F8-8521-40C8-8918-33B15B2935D2}.Release|Any CPU.Build.0 = Release|Any CPU
		{CA19B9F8-8521-40C8-8918-33B15B2935D2}.Release|Mixed Platforms.ActiveCfg = Release|x86
		{CA19B9F8-8521-40C8-8918-33B15B2935D2}.Release|Mixed Platforms.Build.0 = Release|x86
		{CA19B9F8-8521-40C8-8918-33B15B2935D2}.Release|x86.ActiveCfg = Release|x86
		{CA19B9F8-8521-40C8-8918-33B15B2935D2}.Release|x86.Build.0 = Release|x86
		{1178AD55-557B-454B-98C6-60C262434666}.Debug|Any CPU.ActiveCfg = Debug|Any CPU
		{1178AD55-557B-454B-98C6-60C262434666}.Debug|Any CPU.Build.0 = Debug|Any CPU
		{1178AD55-557B-454B-98C6-60C262434666}.Debug|Mixed Platforms.ActiveCfg = Debug|x86
		{1178AD55-557B-454B-98C6-60C262434666}.Debug|Mixed Platforms.Build.0 = Debug|x86
		{1178AD55-557B-454B-98C6-60C262434666}.Debug|x86.ActiveCfg = Debug|x86
		{1178AD55-557B-454B-98C6-60C262434666}.Debug|x86.Build.0 = Debug|x86
		{1178AD55-557B-454B-98C6-60C262434666}.Release|Any CPU.ActiveCfg = Release|Any CPU
		{1178AD55-557B-454B-98C6-60C262434666}.Release|Any CPU.Build.0 = Release|Any CPU
		{1178AD55-557B-454B-98C6-60C262434666}.Release|Mixed Platforms.ActiveCfg = Release|x86
		{1178AD55-557B-454B-98C6-60C262434666}.Release|Mixed Platforms.Build.0 = Release|x86
		{1178AD55-557B-454B-98C6-60C262434666}.Release|x86.ActiveCfg = Release|x86
		{1178AD55-557B-454B-98C6-60C262434666}.Release|x86.Build.0 = Release|x86
		{3A9AD116-CA47-465E-AB89-3AB3346CB661}.Debug|Any CPU.ActiveCfg = Debug|Any CPU
		{3A9AD116-CA47-465E-AB89-3AB3346CB661}.Debug|Any CPU.Build.0 = Debug|Any CPU
		{3A9AD116-CA47-465E-AB89-3AB3346CB661}.Debug|Mixed Platforms.ActiveCfg = Debug|x86
		{3A9AD116-CA47-465E-AB89-3AB3346CB661}.Debug|Mixed Platforms.Build.0 = Debug|x86
		{3A9AD116-CA47-465E-AB89-3AB3346CB661}.Debug|x86.ActiveCfg = Debug|x86
		{3A9AD116-CA47-465E-AB89-3AB3346CB661}.Debug|x86.Build.0 = Debug|x86
		{3A9AD116-CA47-465E-AB89-3AB3346CB661}.Release|Any CPU.ActiveCfg = Release|Any CPU
		{3A9AD116-CA47-465E-AB89-3AB3346CB661}.Release|Any CPU.Build.0 = Release|Any CPU
		{3A9AD116-CA47-465E-AB89-3AB3346CB661}.Release|Mixed Platforms.ActiveCfg = Release|x86
		{3A9AD116-CA47-465E-AB89-3AB3346CB661}.Release|Mixed Platforms.Build.0 = Release|x86
		{3A9AD116-CA47-465E-AB89-3AB3346CB661}.Release|x86.ActiveCfg = Release|x86
		{3A9AD116-CA47-465E-AB89-3AB3346CB661}.Release|x86.Build.0 = Release|x86
		{5A6FA1E2-2E9B-4FAF-93EC-BC6E1EF370DE}.Debug|Any CPU.ActiveCfg = Debug|Any CPU
		{5A6FA1E2-2E9B-4FAF-93EC-BC6E1EF370DE}.Debug|Any CPU.Build.0 = Debug|Any CPU
		{5A6FA1E2-2E9B-4FAF-93EC-BC6E1EF370DE}.Debug|Mixed Platforms.ActiveCfg = Debug|x86
		{5A6FA1E2-2E9B-4FAF-93EC-BC6E1EF370DE}.Debug|Mixed Platforms.Build.0 = Debug|x86
		{5A6FA1E2-2E9B-4FAF-93EC-BC6E1EF370DE}.Debug|x86.ActiveCfg = Debug|x86
		{5A6FA1E2-2E9B-4FAF-93EC-BC6E1EF370DE}.Debug|x86.Build.0 = Debug|x86
		{5A6FA1E2-2E9B-4FAF-93EC-BC6E1EF370DE}.Release|Any CPU.ActiveCfg = Release|Any CPU
		{5A6FA1E2-2E9B-4FAF-93EC-BC6E1EF370DE}.Release|Any CPU.Build.0 = Release|Any CPU
		{5A6FA1E2-2E9B-4FAF-93EC-BC6E1EF370DE}.Release|Mixed Platforms.ActiveCfg = Release|x86
		{5A6FA1E2-2E9B-4FAF-93EC-BC6E1EF370DE}.Release|Mixed Platforms.Build.0 = Release|x86
		{5A6FA1E2-2E9B-4FAF-93EC-BC6E1EF370DE}.Release|x86.ActiveCfg = Release|x86
		{5A6FA1E2-2E9B-4FAF-93EC-BC6E1EF370DE}.Release|x86.Build.0 = Release|x86
		{2180A519-31FE-4C19-8D39-A4DFEC26CF9A}.Debug|Any CPU.ActiveCfg = Debug|Any CPU
		{2180A519-31FE-4C19-8D39-A4DFEC26CF9A}.Debug|Any CPU.Build.0 = Debug|Any CPU
		{2180A519-31FE-4C19-8D39-A4DFEC26CF9A}.Debug|Mixed Platforms.ActiveCfg = Debug|x86
		{2180A519-31FE-4C19-8D39-A4DFEC26CF9A}.Debug|Mixed Platforms.Build.0 = Debug|x86
		{2180A519-31FE-4C19-8D39-A4DFEC26CF9A}.Debug|x86.ActiveCfg = Debug|x86
		{2180A519-31FE-4C19-8D39-A4DFEC26CF9A}.Debug|x86.Build.0 = Debug|x86
		{2180A519-31FE-4C19-8D39-A4DFEC26CF9A}.Release|Any CPU.ActiveCfg = Release|Any CPU
		{2180A519-31FE-4C19-8D39-A4DFEC26CF9A}.Release|Any CPU.Build.0 = Release|Any CPU
		{2180A519-31FE-4C19-8D39-A4DFEC26CF9A}.Release|Mixed Platforms.ActiveCfg = Release|x86
		{2180A519-31FE-4C19-8D39-A4DFEC26CF9A}.Release|Mixed Platforms.Build.0 = Release|x86
		{2180A519-31FE-4C19-8D39-A4DFEC26CF9A}.Release|x86.ActiveCfg = Release|x86
		{2180A519-31FE-4C19-8D39-A4DFEC26CF9A}.Release|x86.Build.0 = Release|x86
		{4863621A-2226-4318-8B40-CCEB8FEB390C}.Debug|Any CPU.ActiveCfg = Debug|Any CPU
		{4863621A-2226-4318-8B40-CCEB8FEB390C}.Debug|Any CPU.Build.0 = Debug|Any CPU
		{4863621A-2226-4318-8B40-CCEB8FEB390C}.Debug|Mixed Platforms.ActiveCfg = Debug|x86
		{4863621A-2226-4318-8B40-CCEB8FEB390C}.Debug|Mixed Platforms.Build.0 = Debug|x86
		{4863621A-2226-4318-8B40-CCEB8FEB390C}.Debug|x86.ActiveCfg = Debug|x86
		{4863621A-2226-4318-8B40-CCEB8FEB390C}.Debug|x86.Build.0 = Debug|x86
		{4863621A-2226-4318-8B40-CCEB8FEB390C}.Release|Any CPU.ActiveCfg = Release|Any CPU
		{4863621A-2226-4318-8B40-CCEB8FEB390C}.Release|Any CPU.Build.0 = Release|Any CPU
		{4863621A-2226-4318-8B40-CCEB8FEB390C}.Release|Mixed Platforms.ActiveCfg = Release|x86
		{4863621A-2226-4318-8B40-CCEB8FEB390C}.Release|Mixed Platforms.Build.0 = Release|x86
		{4863621A-2226-4318-8B40-CCEB8FEB390C}.Release|x86.ActiveCfg = Release|x86
		{4863621A-2226-4318-8B40-CCEB8FEB390C}.Release|x86.Build.0 = Release|x86
		{8784B37E-5893-4914-83AB-37BE05054128}.Debug|Any CPU.ActiveCfg = Debug|Any CPU
		{8784B37E-5893-4914-83AB-37BE05054128}.Debug|Any CPU.Build.0 = Debug|Any CPU
		{8784B37E-5893-4914-83AB-37BE05054128}.Debug|Mixed Platforms.ActiveCfg = Debug|x86
		{8784B37E-5893-4914-83AB-37BE05054128}.Debug|Mixed Platforms.Build.0 = Debug|x86
		{8784B37E-5893-4914-83AB-37BE05054128}.Debug|x86.ActiveCfg = Debug|x86
		{8784B37E-5893-4914-83AB-37BE05054128}.Debug|x86.Build.0 = Debug|x86
		{8784B37E-5893-4914-83AB-37BE05054128}.Release|Any CPU.ActiveCfg = Release|Any CPU
		{8784B37E-5893-4914-83AB-37BE05054128}.Release|Any CPU.Build.0 = Release|Any CPU
		{8784B37E-5893-4914-83AB-37BE05054128}.Release|Mixed Platforms.ActiveCfg = Release|x86
		{8784B37E-5893-4914-83AB-37BE05054128}.Release|Mixed Platforms.Build.0 = Release|x86
		{8784B37E-5893-4914-83AB-37BE05054128}.Release|x86.ActiveCfg = Release|x86
		{8784B37E-5893-4914-83AB-37BE05054128}.Release|x86.Build.0 = Release|x86
		{6861EE48-2C2C-4034-8930-181EBE48CC7A}.Debug|Any CPU.ActiveCfg = Debug|Any CPU
		{6861EE48-2C2C-4034-8930-181EBE48CC7A}.Debug|Any CPU.Build.0 = Debug|Any CPU
		{6861EE48-2C2C-4034-8930-181EBE48CC7A}.Debug|Mixed Platforms.ActiveCfg = Debug|x86
		{6861EE48-2C2C-4034-8930-181EBE48CC7A}.Debug|Mixed Platforms.Build.0 = Debug|x86
		{6861EE48-2C2C-4034-8930-181EBE48CC7A}.Debug|x86.ActiveCfg = Debug|x86
		{6861EE48-2C2C-4034-8930-181EBE48CC7A}.Debug|x86.Build.0 = Debug|x86
		{6861EE48-2C2C-4034-8930-181EBE48CC7A}.Release|Any CPU.ActiveCfg = Release|Any CPU
		{6861EE48-2C2C-4034-8930-181EBE48CC7A}.Release|Any CPU.Build.0 = Release|Any CPU
		{6861EE48-2C2C-4034-8930-181EBE48CC7A}.Release|Mixed Platforms.ActiveCfg = Release|x86
		{6861EE48-2C2C-4034-8930-181EBE48CC7A}.Release|Mixed Platforms.Build.0 = Release|x86
		{6861EE48-2C2C-4034-8930-181EBE48CC7A}.Release|x86.ActiveCfg = Release|x86
		{6861EE48-2C2C-4034-8930-181EBE48CC7A}.Release|x86.Build.0 = Release|x86
		{6644F06B-8FEB-431B-9020-AC91FD93CCE6}.Debug|Any CPU.ActiveCfg = Debug|Any CPU
		{6644F06B-8FEB-431B-9020-AC91FD93CCE6}.Debug|Any CPU.Build.0 = Debug|Any CPU
		{6644F06B-8FEB-431B-9020-AC91FD93CCE6}.Debug|Mixed Platforms.ActiveCfg = Debug|x86
		{6644F06B-8FEB-431B-9020-AC91FD93CCE6}.Debug|Mixed Platforms.Build.0 = Debug|x86
		{6644F06B-8FEB-431B-9020-AC91FD93CCE6}.Debug|x86.ActiveCfg = Debug|x86
		{6644F06B-8FEB-431B-9020-AC91FD93CCE6}.Debug|x86.Build.0 = Debug|x86
		{6644F06B-8FEB-431B-9020-AC91FD93CCE6}.Release|Any CPU.ActiveCfg = Release|Any CPU
		{6644F06B-8FEB-431B-9020-AC91FD93CCE6}.Release|Any CPU.Build.0 = Release|Any CPU
		{6644F06B-8FEB-431B-9020-AC91FD93CCE6}.Release|Mixed Platforms.ActiveCfg = Release|x86
		{6644F06B-8FEB-431B-9020-AC91FD93CCE6}.Release|Mixed Platforms.Build.0 = Release|x86
		{6644F06B-8FEB-431B-9020-AC91FD93CCE6}.Release|x86.ActiveCfg = Release|x86
		{6644F06B-8FEB-431B-9020-AC91FD93CCE6}.Release|x86.Build.0 = Release|x86
		{F7B5E062-39A2-49A7-9233-21150F3DFB09}.Debug|Any CPU.ActiveCfg = Debug|Any CPU
		{F7B5E062-39A2-49A7-9233-21150F3DFB09}.Debug|Any CPU.Build.0 = Debug|Any CPU
		{F7B5E062-39A2-49A7-9233-21150F3DFB09}.Debug|Mixed Platforms.ActiveCfg = Debug|x86
		{F7B5E062-39A2-49A7-9233-21150F3DFB09}.Debug|Mixed Platforms.Build.0 = Debug|x86
		{F7B5E062-39A2-49A7-9233-21150F3DFB09}.Debug|x86.ActiveCfg = Debug|x86
		{F7B5E062-39A2-49A7-9233-21150F3DFB09}.Debug|x86.Build.0 = Debug|x86
		{F7B5E062-39A2-49A7-9233-21150F3DFB09}.Release|Any CPU.ActiveCfg = Release|Any CPU
		{F7B5E062-39A2-49A7-9233-21150F3DFB09}.Release|Any CPU.Build.0 = Release|Any CPU
		{F7B5E062-39A2-49A7-9233-21150F3DFB09}.Release|Mixed Platforms.ActiveCfg = Release|x86
		{F7B5E062-39A2-49A7-9233-21150F3DFB09}.Release|Mixed Platforms.Build.0 = Release|x86
		{F7B5E062-39A2-49A7-9233-21150F3DFB09}.Release|x86.ActiveCfg = Release|x86
		{F7B5E062-39A2-49A7-9233-21150F3DFB09}.Release|x86.Build.0 = Release|x86
		{7324889C-E198-4959-903A-4D183C356CB3}.Debug|Any CPU.ActiveCfg = Debug|Any CPU
		{7324889C-E198-4959-903A-4D183C356CB3}.Debug|Any CPU.Build.0 = Debug|Any CPU
		{7324889C-E198-4959-903A-4D183C356CB3}.Debug|Mixed Platforms.ActiveCfg = Debug|x86
		{7324889C-E198-4959-903A-4D183C356CB3}.Debug|Mixed Platforms.Build.0 = Debug|x86
		{7324889C-E198-4959-903A-4D183C356CB3}.Debug|x86.ActiveCfg = Debug|x86
		{7324889C-E198-4959-903A-4D183C356CB3}.Debug|x86.Build.0 = Debug|x86
		{7324889C-E198-4959-903A-4D183C356CB3}.Release|Any CPU.ActiveCfg = Release|Any CPU
		{7324889C-E198-4959-903A-4D183C356CB3}.Release|Any CPU.Build.0 = Release|Any CPU
		{7324889C-E198-4959-903A-4D183C356CB3}.Release|Mixed Platforms.ActiveCfg = Release|x86
		{7324889C-E198-4959-903A-4D183C356CB3}.Release|Mixed Platforms.Build.0 = Release|x86
		{7324889C-E198-4959-903A-4D183C356CB3}.Release|x86.ActiveCfg = Release|x86
		{7324889C-E198-4959-903A-4D183C356CB3}.Release|x86.Build.0 = Release|x86
		{F87116B4-1B95-408B-8506-709C92F7B650}.Debug|Any CPU.ActiveCfg = Debug|Any CPU
		{F87116B4-1B95-408B-8506-709C92F7B650}.Debug|Any CPU.Build.0 = Debug|Any CPU
		{F87116B4-1B95-408B-8506-709C92F7B650}.Debug|Mixed Platforms.ActiveCfg = Debug|x86
		{F87116B4-1B95-408B-8506-709C92F7B650}.Debug|Mixed Platforms.Build.0 = Debug|x86
		{F87116B4-1B95-408B-8506-709C92F7B650}.Debug|x86.ActiveCfg = Debug|x86
		{F87116B4-1B95-408B-8506-709C92F7B650}.Debug|x86.Build.0 = Debug|x86
		{F87116B4-1B95-408B-8506-709C92F7B650}.Release|Any CPU.ActiveCfg = Release|Any CPU
		{F87116B4-1B95-408B-8506-709C92F7B650}.Release|Any CPU.Build.0 = Release|Any CPU
		{F87116B4-1B95-408B-8506-709C92F7B650}.Release|Mixed Platforms.ActiveCfg = Release|x86
		{F87116B4-1B95-408B-8506-709C92F7B650}.Release|Mixed Platforms.Build.0 = Release|x86
		{F87116B4-1B95-408B-8506-709C92F7B650}.Release|x86.ActiveCfg = Release|x86
		{F87116B4-1B95-408B-8506-709C92F7B650}.Release|x86.Build.0 = Release|x86
		{5AB1D7F4-0D37-4D6D-9939-1D6026CD33FD}.Debug|Any CPU.ActiveCfg = Debug|Any CPU
		{5AB1D7F4-0D37-4D6D-9939-1D6026CD33FD}.Debug|Any CPU.Build.0 = Debug|Any CPU
		{5AB1D7F4-0D37-4D6D-9939-1D6026CD33FD}.Debug|Mixed Platforms.ActiveCfg = Debug|x86
		{5AB1D7F4-0D37-4D6D-9939-1D6026CD33FD}.Debug|Mixed Platforms.Build.0 = Debug|x86
		{5AB1D7F4-0D37-4D6D-9939-1D6026CD33FD}.Debug|x86.ActiveCfg = Debug|x86
		{5AB1D7F4-0D37-4D6D-9939-1D6026CD33FD}.Debug|x86.Build.0 = Debug|x86
		{5AB1D7F4-0D37-4D6D-9939-1D6026CD33FD}.Release|Any CPU.ActiveCfg = Release|Any CPU
		{5AB1D7F4-0D37-4D6D-9939-1D6026CD33FD}.Release|Any CPU.Build.0 = Release|Any CPU
		{5AB1D7F4-0D37-4D6D-9939-1D6026CD33FD}.Release|Mixed Platforms.ActiveCfg = Release|x86
		{5AB1D7F4-0D37-4D6D-9939-1D6026CD33FD}.Release|Mixed Platforms.Build.0 = Release|x86
		{5AB1D7F4-0D37-4D6D-9939-1D6026CD33FD}.Release|x86.ActiveCfg = Release|x86
		{5AB1D7F4-0D37-4D6D-9939-1D6026CD33FD}.Release|x86.Build.0 = Release|x86
		{362F4D48-1622-4FA6-B26E-5F2B58A9949B}.Debug|Any CPU.ActiveCfg = Debug|Any CPU
		{362F4D48-1622-4FA6-B26E-5F2B58A9949B}.Debug|Any CPU.Build.0 = Debug|Any CPU
		{362F4D48-1622-4FA6-B26E-5F2B58A9949B}.Debug|Mixed Platforms.ActiveCfg = Debug|x86
		{362F4D48-1622-4FA6-B26E-5F2B58A9949B}.Debug|Mixed Platforms.Build.0 = Debug|x86
		{362F4D48-1622-4FA6-B26E-5F2B58A9949B}.Debug|x86.ActiveCfg = Debug|x86
		{362F4D48-1622-4FA6-B26E-5F2B58A9949B}.Debug|x86.Build.0 = Debug|x86
		{362F4D48-1622-4FA6-B26E-5F2B58A9949B}.Release|Any CPU.ActiveCfg = Release|Any CPU
		{362F4D48-1622-4FA6-B26E-5F2B58A9949B}.Release|Any CPU.Build.0 = Release|Any CPU
		{362F4D48-1622-4FA6-B26E-5F2B58A9949B}.Release|Mixed Platforms.ActiveCfg = Release|x86
		{362F4D48-1622-4FA6-B26E-5F2B58A9949B}.Release|Mixed Platforms.Build.0 = Release|x86
		{362F4D48-1622-4FA6-B26E-5F2B58A9949B}.Release|x86.ActiveCfg = Release|x86
		{362F4D48-1622-4FA6-B26E-5F2B58A9949B}.Release|x86.Build.0 = Release|x86
		{39ADE9BB-4A74-4246-B24B-BDAFBD28B92B}.Debug|Any CPU.ActiveCfg = Debug|Any CPU
		{39ADE9BB-4A74-4246-B24B-BDAFBD28B92B}.Debug|Any CPU.Build.0 = Debug|Any CPU
		{39ADE9BB-4A74-4246-B24B-BDAFBD28B92B}.Debug|Mixed Platforms.ActiveCfg = Debug|x86
		{39ADE9BB-4A74-4246-B24B-BDAFBD28B92B}.Debug|Mixed Platforms.Build.0 = Debug|x86
		{39ADE9BB-4A74-4246-B24B-BDAFBD28B92B}.Debug|x86.ActiveCfg = Debug|x86
		{39ADE9BB-4A74-4246-B24B-BDAFBD28B92B}.Debug|x86.Build.0 = Debug|x86
		{39ADE9BB-4A74-4246-B24B-BDAFBD28B92B}.Release|Any CPU.ActiveCfg = Release|Any CPU
		{39ADE9BB-4A74-4246-B24B-BDAFBD28B92B}.Release|Any CPU.Build.0 = Release|Any CPU
		{39ADE9BB-4A74-4246-B24B-BDAFBD28B92B}.Release|Mixed Platforms.ActiveCfg = Release|x86
		{39ADE9BB-4A74-4246-B24B-BDAFBD28B92B}.Release|Mixed Platforms.Build.0 = Release|x86
		{39ADE9BB-4A74-4246-B24B-BDAFBD28B92B}.Release|x86.ActiveCfg = Release|x86
		{39ADE9BB-4A74-4246-B24B-BDAFBD28B92B}.Release|x86.Build.0 = Release|x86
		{8D7A22B7-FB53-4861-B6B9-CC4C7D48CDA7}.Debug|Any CPU.ActiveCfg = Debug|Any CPU
		{8D7A22B7-FB53-4861-B6B9-CC4C7D48CDA7}.Debug|Any CPU.Build.0 = Debug|Any CPU
		{8D7A22B7-FB53-4861-B6B9-CC4C7D48CDA7}.Debug|Mixed Platforms.ActiveCfg = Debug|Any CPU
		{8D7A22B7-FB53-4861-B6B9-CC4C7D48CDA7}.Debug|Mixed Platforms.Build.0 = Debug|Any CPU
		{8D7A22B7-FB53-4861-B6B9-CC4C7D48CDA7}.Debug|x86.ActiveCfg = Debug|Any CPU
		{8D7A22B7-FB53-4861-B6B9-CC4C7D48CDA7}.Release|Any CPU.ActiveCfg = Release|Any CPU
		{8D7A22B7-FB53-4861-B6B9-CC4C7D48CDA7}.Release|Any CPU.Build.0 = Release|Any CPU
		{8D7A22B7-FB53-4861-B6B9-CC4C7D48CDA7}.Release|Mixed Platforms.ActiveCfg = Release|Any CPU
		{8D7A22B7-FB53-4861-B6B9-CC4C7D48CDA7}.Release|x86.ActiveCfg = Release|Any CPU
		{DF5AC950-A57F-419E-A709-9A2C5A7C4270}.Debug|Any CPU.ActiveCfg = Debug|Any CPU
		{DF5AC950-A57F-419E-A709-9A2C5A7C4270}.Debug|Any CPU.Build.0 = Debug|Any CPU
		{DF5AC950-A57F-419E-A709-9A2C5A7C4270}.Debug|Mixed Platforms.ActiveCfg = Debug|x86
		{DF5AC950-A57F-419E-A709-9A2C5A7C4270}.Debug|Mixed Platforms.Build.0 = Debug|x86
		{DF5AC950-A57F-419E-A709-9A2C5A7C4270}.Debug|x86.ActiveCfg = Debug|x86
		{DF5AC950-A57F-419E-A709-9A2C5A7C4270}.Debug|x86.Build.0 = Debug|x86
		{DF5AC950-A57F-419E-A709-9A2C5A7C4270}.Release|Any CPU.ActiveCfg = Release|Any CPU
		{DF5AC950-A57F-419E-A709-9A2C5A7C4270}.Release|Any CPU.Build.0 = Release|Any CPU
		{DF5AC950-A57F-419E-A709-9A2C5A7C4270}.Release|Mixed Platforms.ActiveCfg = Release|x86
		{DF5AC950-A57F-419E-A709-9A2C5A7C4270}.Release|Mixed Platforms.Build.0 = Release|x86
		{DF5AC950-A57F-419E-A709-9A2C5A7C4270}.Release|x86.ActiveCfg = Release|x86
		{DF5AC950-A57F-419E-A709-9A2C5A7C4270}.Release|x86.Build.0 = Release|x86
		{83878461-741C-4480-8BA7-C48BDEAE6D24}.Debug|Any CPU.ActiveCfg = Debug|Any CPU
		{83878461-741C-4480-8BA7-C48BDEAE6D24}.Debug|Any CPU.Build.0 = Debug|Any CPU
		{83878461-741C-4480-8BA7-C48BDEAE6D24}.Debug|Mixed Platforms.ActiveCfg = Debug|x86
		{83878461-741C-4480-8BA7-C48BDEAE6D24}.Debug|Mixed Platforms.Build.0 = Debug|x86
		{83878461-741C-4480-8BA7-C48BDEAE6D24}.Debug|x86.ActiveCfg = Debug|x86
		{83878461-741C-4480-8BA7-C48BDEAE6D24}.Debug|x86.Build.0 = Debug|x86
		{83878461-741C-4480-8BA7-C48BDEAE6D24}.Release|Any CPU.ActiveCfg = Release|Any CPU
		{83878461-741C-4480-8BA7-C48BDEAE6D24}.Release|Any CPU.Build.0 = Release|Any CPU
		{83878461-741C-4480-8BA7-C48BDEAE6D24}.Release|Mixed Platforms.ActiveCfg = Release|x86
		{83878461-741C-4480-8BA7-C48BDEAE6D24}.Release|Mixed Platforms.Build.0 = Release|x86
		{83878461-741C-4480-8BA7-C48BDEAE6D24}.Release|x86.ActiveCfg = Release|x86
		{83878461-741C-4480-8BA7-C48BDEAE6D24}.Release|x86.Build.0 = Release|x86
		{18FB8CEB-C1C9-4BC2-ADB0-B3A499393DA5}.Debug|Any CPU.ActiveCfg = Debug|Any CPU
		{18FB8CEB-C1C9-4BC2-ADB0-B3A499393DA5}.Debug|Any CPU.Build.0 = Debug|Any CPU
		{18FB8CEB-C1C9-4BC2-ADB0-B3A499393DA5}.Debug|Mixed Platforms.ActiveCfg = Debug|x86
		{18FB8CEB-C1C9-4BC2-ADB0-B3A499393DA5}.Debug|Mixed Platforms.Build.0 = Debug|x86
		{18FB8CEB-C1C9-4BC2-ADB0-B3A499393DA5}.Debug|x86.ActiveCfg = Debug|x86
		{18FB8CEB-C1C9-4BC2-ADB0-B3A499393DA5}.Debug|x86.Build.0 = Debug|x86
		{18FB8CEB-C1C9-4BC2-ADB0-B3A499393DA5}.Release|Any CPU.ActiveCfg = Release|Any CPU
		{18FB8CEB-C1C9-4BC2-ADB0-B3A499393DA5}.Release|Any CPU.Build.0 = Release|Any CPU
		{18FB8CEB-C1C9-4BC2-ADB0-B3A499393DA5}.Release|Mixed Platforms.ActiveCfg = Release|x86
		{18FB8CEB-C1C9-4BC2-ADB0-B3A499393DA5}.Release|Mixed Platforms.Build.0 = Release|x86
		{18FB8CEB-C1C9-4BC2-ADB0-B3A499393DA5}.Release|x86.ActiveCfg = Release|x86
		{18FB8CEB-C1C9-4BC2-ADB0-B3A499393DA5}.Release|x86.Build.0 = Release|x86
		{8A7A0760-711D-4778-963A-97A48BA23765}.Debug|Any CPU.ActiveCfg = Debug|Any CPU
		{8A7A0760-711D-4778-963A-97A48BA23765}.Debug|Any CPU.Build.0 = Debug|Any CPU
		{8A7A0760-711D-4778-963A-97A48BA23765}.Debug|Mixed Platforms.ActiveCfg = Debug|x86
		{8A7A0760-711D-4778-963A-97A48BA23765}.Debug|Mixed Platforms.Build.0 = Debug|x86
		{8A7A0760-711D-4778-963A-97A48BA23765}.Debug|x86.ActiveCfg = Debug|x86
		{8A7A0760-711D-4778-963A-97A48BA23765}.Debug|x86.Build.0 = Debug|x86
		{8A7A0760-711D-4778-963A-97A48BA23765}.Release|Any CPU.ActiveCfg = Release|Any CPU
		{8A7A0760-711D-4778-963A-97A48BA23765}.Release|Any CPU.Build.0 = Release|Any CPU
		{8A7A0760-711D-4778-963A-97A48BA23765}.Release|Mixed Platforms.ActiveCfg = Release|x86
		{8A7A0760-711D-4778-963A-97A48BA23765}.Release|Mixed Platforms.Build.0 = Release|x86
		{8A7A0760-711D-4778-963A-97A48BA23765}.Release|x86.ActiveCfg = Release|x86
		{8A7A0760-711D-4778-963A-97A48BA23765}.Release|x86.Build.0 = Release|x86
		{A1285A1E-D238-467B-89B2-BCF58BB4D2EE}.Debug|Any CPU.ActiveCfg = Debug|Any CPU
		{A1285A1E-D238-467B-89B2-BCF58BB4D2EE}.Debug|Any CPU.Build.0 = Debug|Any CPU
		{A1285A1E-D238-467B-89B2-BCF58BB4D2EE}.Debug|Mixed Platforms.ActiveCfg = Debug|x86
		{A1285A1E-D238-467B-89B2-BCF58BB4D2EE}.Debug|Mixed Platforms.Build.0 = Debug|x86
		{A1285A1E-D238-467B-89B2-BCF58BB4D2EE}.Debug|x86.ActiveCfg = Debug|x86
		{A1285A1E-D238-467B-89B2-BCF58BB4D2EE}.Debug|x86.Build.0 = Debug|x86
		{A1285A1E-D238-467B-89B2-BCF58BB4D2EE}.Release|Any CPU.ActiveCfg = Release|Any CPU
		{A1285A1E-D238-467B-89B2-BCF58BB4D2EE}.Release|Any CPU.Build.0 = Release|Any CPU
		{A1285A1E-D238-467B-89B2-BCF58BB4D2EE}.Release|Mixed Platforms.ActiveCfg = Release|x86
		{A1285A1E-D238-467B-89B2-BCF58BB4D2EE}.Release|Mixed Platforms.Build.0 = Release|x86
		{A1285A1E-D238-467B-89B2-BCF58BB4D2EE}.Release|x86.ActiveCfg = Release|x86
		{A1285A1E-D238-467B-89B2-BCF58BB4D2EE}.Release|x86.Build.0 = Release|x86
		{944D95F5-15BD-4C79-8D35-0DE37100AD36}.Debug|Any CPU.ActiveCfg = Debug|Any CPU
		{944D95F5-15BD-4C79-8D35-0DE37100AD36}.Debug|Any CPU.Build.0 = Debug|Any CPU
		{944D95F5-15BD-4C79-8D35-0DE37100AD36}.Debug|Mixed Platforms.ActiveCfg = Debug|x86
		{944D95F5-15BD-4C79-8D35-0DE37100AD36}.Debug|Mixed Platforms.Build.0 = Debug|x86
		{944D95F5-15BD-4C79-8D35-0DE37100AD36}.Debug|x86.ActiveCfg = Debug|x86
		{944D95F5-15BD-4C79-8D35-0DE37100AD36}.Debug|x86.Build.0 = Debug|x86
		{944D95F5-15BD-4C79-8D35-0DE37100AD36}.Release|Any CPU.ActiveCfg = Release|Any CPU
		{944D95F5-15BD-4C79-8D35-0DE37100AD36}.Release|Any CPU.Build.0 = Release|Any CPU
		{944D95F5-15BD-4C79-8D35-0DE37100AD36}.Release|Mixed Platforms.ActiveCfg = Release|x86
		{944D95F5-15BD-4C79-8D35-0DE37100AD36}.Release|Mixed Platforms.Build.0 = Release|x86
		{944D95F5-15BD-4C79-8D35-0DE37100AD36}.Release|x86.ActiveCfg = Release|x86
		{944D95F5-15BD-4C79-8D35-0DE37100AD36}.Release|x86.Build.0 = Release|x86
	EndGlobalSection
	GlobalSection(SolutionProperties) = preSolution
		HideSolutionNode = FALSE
	EndGlobalSection
	GlobalSection(NestedProjects) = preSolution
		{F929E2C2-43ED-4D7E-8426-356B0EC3C540} = {31608185-2721-4F64-805D-3FD2FE89FA84}
		{785AA2AA-CC7E-408B-B61C-2DFB906D1797} = {31608185-2721-4F64-805D-3FD2FE89FA84}
		{8EBCDA91-8A16-46FA-84BD-784982F9EAC8} = {31608185-2721-4F64-805D-3FD2FE89FA84}
		{178D26DF-C682-42D8-AEAB-C816111B69C6} = {31608185-2721-4F64-805D-3FD2FE89FA84}
		{CA19B9F8-8521-40C8-8918-33B15B2935D2} = {31608185-2721-4F64-805D-3FD2FE89FA84}
		{1178AD55-557B-454B-98C6-60C262434666} = {62795A5E-55A9-4271-AD97-6E4D713DD0EC}
		{3A9AD116-CA47-465E-AB89-3AB3346CB661} = {62795A5E-55A9-4271-AD97-6E4D713DD0EC}
		{5A6FA1E2-2E9B-4FAF-93EC-BC6E1EF370DE} = {62795A5E-55A9-4271-AD97-6E4D713DD0EC}
		{2180A519-31FE-4C19-8D39-A4DFEC26CF9A} = {62795A5E-55A9-4271-AD97-6E4D713DD0EC}
		{4863621A-2226-4318-8B40-CCEB8FEB390C} = {62795A5E-55A9-4271-AD97-6E4D713DD0EC}
		{8784B37E-5893-4914-83AB-37BE05054128} = {62795A5E-55A9-4271-AD97-6E4D713DD0EC}
		{6861EE48-2C2C-4034-8930-181EBE48CC7A} = {62795A5E-55A9-4271-AD97-6E4D713DD0EC}
		{6644F06B-8FEB-431B-9020-AC91FD93CCE6} = {62795A5E-55A9-4271-AD97-6E4D713DD0EC}
		{F7B5E062-39A2-49A7-9233-21150F3DFB09} = {9E284152-32FA-4492-902A-058752D0FEC8}
		{7324889C-E198-4959-903A-4D183C356CB3} = {9E284152-32FA-4492-902A-058752D0FEC8}
		{F87116B4-1B95-408B-8506-709C92F7B650} = {D5019626-E9D2-442D-8715-1C27DFE092CC}
		{430E292F-EF10-4A29-B01E-495AAD2F1E39} = {D5019626-E9D2-442D-8715-1C27DFE092CC}
		{5AB1D7F4-0D37-4D6D-9939-1D6026CD33FD} = {430E292F-EF10-4A29-B01E-495AAD2F1E39}
		{362F4D48-1622-4FA6-B26E-5F2B58A9949B} = {430E292F-EF10-4A29-B01E-495AAD2F1E39}
		{39ADE9BB-4A74-4246-B24B-BDAFBD28B92B} = {430E292F-EF10-4A29-B01E-495AAD2F1E39}
		{8D7A22B7-FB53-4861-B6B9-CC4C7D48CDA7} = {62795A5E-55A9-4271-AD97-6E4D713DD0EC}
		{ADA2CC54-AA08-4382-BAB5-876A1E34B490} = {D5019626-E9D2-442D-8715-1C27DFE092CC}
		{DF5AC950-A57F-419E-A709-9A2C5A7C4270} = {ADA2CC54-AA08-4382-BAB5-876A1E34B490}
		{83878461-741C-4480-8BA7-C48BDEAE6D24} = {ADA2CC54-AA08-4382-BAB5-876A1E34B490}
		{18FB8CEB-C1C9-4BC2-ADB0-B3A499393DA5} = {ADA2CC54-AA08-4382-BAB5-876A1E34B490}
		{8A7A0760-711D-4778-963A-97A48BA23765} = {7C9B0105-4499-408C-BF1F-5D6F69C861B8}
		{A1285A1E-D238-467B-89B2-BCF58BB4D2EE} = {7C9B0105-4499-408C-BF1F-5D6F69C861B8}
		{944D95F5-15BD-4C79-8D35-0DE37100AD36} = {7C9B0105-4499-408C-BF1F-5D6F69C861B8}
	EndGlobalSection
EndGlobal
